
Microsoft Visual Studio Solution File, Format Version 12.00
# Visual Studio Version 17
VisualStudioVersion = 17.3.32901.215
MinimumVisualStudioVersion = 10.0.40219.1
Project("{FAE04EC0-301F-11D3-BF4B-00C04F79EFBC}") = "RestAPISample", "RestAPISample\RestAPISample.csproj", "{64444A62-E1C8-4C51-8A6F-62335CADFFA2}"
EndProject
Global
	GlobalSection(SolutionConfigurationPlatforms) = preSolution
		Debug|Any CPU = Debug|Any CPU
		Release|Any CPU = Release|Any CPU
	EndGlobalSection
	GlobalSection(ProjectConfigurationPlatforms) = postSolution
		{64444A62-E1C8-4C51-8A6F-62335CADFFA2}.Debug|Any CPU.ActiveCfg = Debug|Any CPU
		{64444A62-E1C8-4C51-8A6F-62335CADFFA2}.Debug|Any CPU.Build.0 = Debug|Any CPU
		{64444A62-E1C8-4C51-8A6F-62335CADFFA2}.Release|Any CPU.ActiveCfg = Release|Any CPU
		{64444A62-E1C8-4C51-8A6F-62335CADFFA2}.Release|Any CPU.Build.0 = Release|Any CPU
	EndGlobalSection
	GlobalSection(SolutionProperties) = preSolution
		HideSolutionNode = FALSE
	EndGlobalSection
	GlobalSection(ExtensibilityGlobals) = postSolution
		SolutionGuid = {D9F54607-9DB3-43B5-ADE6-4F806E4506F5}
	EndGlobalSection
EndGlobal
